
Microsoft Visual Studio Solution File, Format Version 12.00
# Visual Studio 15
Project("{FAE04EC0-301F-11D3-BF4B-00C04F79EFBC}") = "MyFirstWebApp", "MyFirstWebApp\MyFirstWebApp.csproj", "{8A952F46-2E05-4A4A-8858-D3D6A8D4166E}"
EndProject
Global
	GlobalSection(SolutionConfigurationPlatforms) = preSolution
		Debug|Any CPU = Debug|Any CPU
		Release|Any CPU = Release|Any CPU
	EndGlobalSection
	GlobalSection(ProjectConfigurationPlatforms) = postSolution
		{8A952F46-2E05-4A4A-8858-D3D6A8D4166E}.Debug|Any CPU.ActiveCfg = Debug|Any CPU
		{8A952F46-2E05-4A4A-8858-D3D6A8D4166E}.Debug|Any CPU.Build.0 = Debug|Any CPU
		{8A952F46-2E05-4A4A-8858-D3D6A8D4166E}.Release|Any CPU.ActiveCfg = Release|Any CPU
		{8A952F46-2E05-4A4A-8858-D3D6A8D4166E}.Release|Any CPU.Build.0 = Release|Any CPU
	EndGlobalSection
EndGlobal
