
Microsoft Visual Studio Solution File, Format Version 12.00
# Visual Studio 15
Project("{FAE04EC0-301F-11D3-BF4B-00C04F79EFBC}") = "EventsAndDelegates", "EventsAndDelegates\EventsAndDelegates.csproj", "{C9E0CCBE-9F63-45BA-B4B5-294850C347A4}"
EndProject
Global
	GlobalSection(SolutionConfigurationPlatforms) = preSolution
		Debug|Any CPU = Debug|Any CPU
		Release|Any CPU = Release|Any CPU
	EndGlobalSection
	GlobalSection(ProjectConfigurationPlatforms) = postSolution
		{C9E0CCBE-9F63-45BA-B4B5-294850C347A4}.Debug|Any CPU.ActiveCfg = Debug|Any CPU
		{C9E0CCBE-9F63-45BA-B4B5-294850C347A4}.Debug|Any CPU.Build.0 = Debug|Any CPU
		{C9E0CCBE-9F63-45BA-B4B5-294850C347A4}.Release|Any CPU.ActiveCfg = Release|Any CPU
		{C9E0CCBE-9F63-45BA-B4B5-294850C347A4}.Release|Any CPU.Build.0 = Release|Any CPU
	EndGlobalSection
EndGlobal
